
Microsoft Visual Studio Solution File, Format Version 12.00
# Visual Studio Version 16
VisualStudioVersion = 16.0.30523.141
MinimumVisualStudioVersion = 10.0.40219.1
Project("{FAE04EC0-301F-11D3-BF4B-00C04F79EFBC}") = "CurrentTimeService", "CurrentTimeService\CurrentTimeService.csproj", "{03347356-10F2-4753-82E9-BCB423AC3CC4}"
EndProject
Global
	GlobalSection(SolutionConfigurationPlatforms) = preSolution
		Debug|Any CPU = Debug|Any CPU
		Release|Any CPU = Release|Any CPU
	EndGlobalSection
	GlobalSection(ProjectConfigurationPlatforms) = postSolution
		{03347356-10F2-4753-82E9-BCB423AC3CC4}.Debug|Any CPU.ActiveCfg = Debug|Any CPU
		{03347356-10F2-4753-82E9-BCB423AC3CC4}.Debug|Any CPU.Build.0 = Debug|Any CPU
		{03347356-10F2-4753-82E9-BCB423AC3CC4}.Release|Any CPU.ActiveCfg = Release|Any CPU
		{03347356-10F2-4753-82E9-BCB423AC3CC4}.Release|Any CPU.Build.0 = Release|Any CPU
	EndGlobalSection
	GlobalSection(SolutionProperties) = preSolution
		HideSolutionNode = FALSE
	EndGlobalSection
	GlobalSection(ExtensibilityGlobals) = postSolution
		SolutionGuid = {EAD67342-CC12-4232-B96C-B7367DD9AFCF}
	EndGlobalSection
EndGlobal
